Microsoft Visual Studio Solution File, Format Version 12.00
# Visual Studio Version 17
VisualStudioVersion = 17.13.35818.85
MinimumVisualStudioVersion = 10.0.40219.1
Project("{FAE04EC0-301F-11D3-BF4B-00C04F79EFBC}") = "tpmodul6_2311104065", "tpmodul6_2311104065\tpmodul6_2311104065.csproj", "{A1ABC69A-2778-4404-9541-79ABD2EC2C5A}"
EndProject
Global
	GlobalSection(SolutionConfigurationPlatforms) = preSolution
		Debug|Any CPU = Debug|Any CPU
		Release|Any CPU = Release|Any CPU
	EndGlobalSection
	GlobalSection(ProjectConfigurationPlatforms) = postSolution
		{A1ABC69A-2778-4404-9541-79ABD2EC2C5A}.Debug|Any CPU.ActiveCfg = Debug|Any CPU
		{A1ABC69A-2778-4404-9541-79ABD2EC2C5A}.Debug|Any CPU.Build.0 = Debug|Any CPU
		{A1ABC69A-2778-4404-9541-79ABD2EC2C5A}.Release|Any CPU.ActiveCfg = Release|Any CPU
		{A1ABC69A-2778-4404-9541-79ABD2EC2C5A}.Release|Any CPU.Build.0 = Release|Any CPU
	EndGlobalSection
	GlobalSection(SolutionProperties) = preSolution
		HideSolutionNode = FALSE
	EndGlobalSection
	GlobalSection(ExtensibilityGlobals) = postSolution
		SolutionGuid = {A91BD6D4-EF80-4906-8AD0-1CB90C42C1C6}
	EndGlobalSection
EndGlobal
